
Microsoft Visual Studio Solution File, Format Version 12.00
# Visual Studio Version 17
VisualStudioVersion = 17.1.32414.318
MinimumVisualStudioVersion = 10.0.40219.1
Project("{9A19103F-16F7-4668-BE54-9A1E7A4F7556}") = "FinalExamProjectApp", "FinalExamProject\FinalExamProjectApp.csproj", "{459C9669-943C-4912-9E2B-3A579EE390B6}"
EndProject
Project("{9A19103F-16F7-4668-BE54-9A1E7A4F7556}") = "LogicEngine", "LogicEngine\LogicEngine.csproj", "{676CB746-1616-409A-B2FC-8BA790505B85}"
EndProject
Project("{9A19103F-16F7-4668-BE54-9A1E7A4F7556}") = "LogicEngineTests", "LogicEngineTests\LogicEngineTests.csproj", "{B12A436E-5733-4A64-BE82-FF41CD5F40D6}"
EndProject
Project("{FAE04EC0-301F-11D3-BF4B-00C04F79EFBC}") = "FinalExamConsoleApp", "FinalExamConsoleApp\FinalExamConsoleApp.csproj", "{4FFE833A-B360-4FC1-8499-83ADD22FB70D}"
EndProject
Global
	GlobalSection(SolutionConfigurationPlatforms) = preSolution
		Debug|Any CPU = Debug|Any CPU
		Release|Any CPU = Release|Any CPU
	EndGlobalSection
	GlobalSection(ProjectConfigurationPlatforms) = postSolution
		{459C9669-943C-4912-9E2B-3A579EE390B6}.Debug|Any CPU.ActiveCfg = Debug|Any CPU
		{459C9669-943C-4912-9E2B-3A579EE390B6}.Debug|Any CPU.Build.0 = Debug|Any CPU
		{459C9669-943C-4912-9E2B-3A579EE390B6}.Release|Any CPU.ActiveCfg = Release|Any CPU
		{459C9669-943C-4912-9E2B-3A579EE390B6}.Release|Any CPU.Build.0 = Release|Any CPU
		{676CB746-1616-409A-B2FC-8BA790505B85}.Debug|Any CPU.ActiveCfg = Debug|Any CPU
		{676CB746-1616-409A-B2FC-8BA790505B85}.Debug|Any CPU.Build.0 = Debug|Any CPU
		{676CB746-1616-409A-B2FC-8BA790505B85}.Release|Any CPU.ActiveCfg = Release|Any CPU
		{676CB746-1616-409A-B2FC-8BA790505B85}.Release|Any CPU.Build.0 = Release|Any CPU
		{B12A436E-5733-4A64-BE82-FF41CD5F40D6}.Debug|Any CPU.ActiveCfg = Debug|Any CPU
		{B12A436E-5733-4A64-BE82-FF41CD5F40D6}.Debug|Any CPU.Build.0 = Debug|Any CPU
		{B12A436E-5733-4A64-BE82-FF41CD5F40D6}.Release|Any CPU.ActiveCfg = Release|Any CPU
		{B12A436E-5733-4A64-BE82-FF41CD5F40D6}.Release|Any CPU.Build.0 = Release|Any CPU
		{4FFE833A-B360-4FC1-8499-83ADD22FB70D}.Debug|Any CPU.ActiveCfg = Debug|Any CPU
		{4FFE833A-B360-4FC1-8499-83ADD22FB70D}.Debug|Any CPU.Build.0 = Debug|Any CPU
		{4FFE833A-B360-4FC1-8499-83ADD22FB70D}.Release|Any CPU.ActiveCfg = Release|Any CPU
		{4FFE833A-B360-4FC1-8499-83ADD22FB70D}.Release|Any CPU.Build.0 = Release|Any CPU
	EndGlobalSection
	GlobalSection(SolutionProperties) = preSolution
		HideSolutionNode = FALSE
	EndGlobalSection
	GlobalSection(ExtensibilityGlobals) = postSolution
		SolutionGuid = {5B0702CC-9B60-401F-BC83-DE2B0A6E7E82}
	EndGlobalSection
EndGlobal
